
Microsoft Visual Studio Solution File, Format Version 12.00
# Visual Studio 15
VisualStudioVersion = 15.0.27130.2003
MinimumVisualStudioVersion = 10.0.40219.1
Project("{9A19103F-16F7-4668-BE54-9A1E7A4F7556}") = "Rrs.TaskControl", "Rrs.TaskControl\Rrs.TaskControl.csproj", "{5A08D5D5-DE2C-4C2B-A4CB-F28FB5F542CE}"
EndProject
Project("{2150E333-8FDC-42A3-9474-1A3956D46DE8}") = "Solution Items", "Solution Items", "{97D7DD6B-CFC0-4DD2-BA82-3F81DCFE8E94}"
	ProjectSection(SolutionItems) = preProject
		README.md = README.md
	EndProjectSection
EndProject
Project("{9A19103F-16F7-4668-BE54-9A1E7A4F7556}") = "Tests.Rrs.TaskControl", "Tests.Rrs.TaskControl\Tests.Rrs.TaskControl.csproj", "{69C63D86-C493-470A-BB0B-15F3D9B60FBD}"
EndProject
Global
	GlobalSection(SolutionConfigurationPlatforms) = preSolution
		Debug|Any CPU = Debug|Any CPU
		Release|Any CPU = Release|Any CPU
	EndGlobalSection
	GlobalSection(ProjectConfigurationPlatforms) = postSolution
		{5A08D5D5-DE2C-4C2B-A4CB-F28FB5F542CE}.Debug|Any CPU.ActiveCfg = Debug|Any CPU
		{5A08D5D5-DE2C-4C2B-A4CB-F28FB5F542CE}.Debug|Any CPU.Build.0 = Debug|Any CPU
		{5A08D5D5-DE2C-4C2B-A4CB-F28FB5F542CE}.Release|Any CPU.ActiveCfg = Release|Any CPU
		{5A08D5D5-DE2C-4C2B-A4CB-F28FB5F542CE}.Release|Any CPU.Build.0 = Release|Any CPU
		{69C63D86-C493-470A-BB0B-15F3D9B60FBD}.Debug|Any CPU.ActiveCfg = Debug|Any CPU
		{69C63D86-C493-470A-BB0B-15F3D9B60FBD}.Debug|Any CPU.Build.0 = Debug|Any CPU
		{69C63D86-C493-470A-BB0B-15F3D9B60FBD}.Release|Any CPU.ActiveCfg = Release|Any CPU
		{69C63D86-C493-470A-BB0B-15F3D9B60FBD}.Release|Any CPU.Build.0 = Release|Any CPU
	EndGlobalSection
	GlobalSection(SolutionProperties) = preSolution
		HideSolutionNode = FALSE
	EndGlobalSection
	GlobalSection(ExtensibilityGlobals) = postSolution
		SolutionGuid = {F2775C7F-BF07-4FCD-9795-06168C3BE1FC}
	EndGlobalSection
EndGlobal
